// !$*UTF8*$!
{
	archiveVersion = 1;
	classes = {
	};
	objectVersion = 46;
	objects = {

/* Begin PBXBuildFile section */
		820A2B091B996A5F003D99E9 /* AppDelegate.swift in Sources */ = {isa = PBXBuildFile; fileRef = 820A2B081B996A5F003D99E9 /* AppDelegate.swift */; };
		820A2B0B1B996A5F003D99E9 /* RecordSoundsViewController.swift in Sources */ = {isa = PBXBuildFile; fileRef = 820A2B0A1B996A5F003D99E9 /* RecordSoundsViewController.swift */; };
		820A2B0E1B996A5F003D99E9 /* Main.storyboard in Resources */ = {isa = PBXBuildFile; fileRef = 820A2B0C1B996A5F003D99E9 /* Main.storyboard */; };
		820A2B101B996A5F003D99E9 /* Images.xcassets in Resources */ = {isa = PBXBuildFile; fileRef = 820A2B0F1B996A5F003D99E9 /* Images.xcassets */; };
		820A2B131B996A5F003D99E9 /* LaunchScreen.xib in Resources */ = {isa = PBXBuildFile; fileRef = 820A2B111B996A5F003D99E9 /* LaunchScreen.xib */; };
		820A2B1F1B996A5F003D99E9 /* Pitch_PerfectTests.swift in Sources */ = {isa = PBXBuildFile; fileRef = 820A2B1E1B996A5F003D99E9 /* Pitch_PerfectTests.swift */; };
		820A2B2B1B997415003D99E9 /* PlaySoundsViewController.swift in Sources */ = {isa = PBXBuildFile; fileRef = 820A2B2A1B997415003D99E9 /* PlaySoundsViewController.swift */; };
		820A2B2D1B9979A5003D99E9 /* movie_quote.mp3 in Resources */ = {isa = PBXBuildFile; fileRef = 820A2B2C1B9979A5003D99E9 /* movie_quote.mp3 */; };
		822F0B091B9D550000F456F1 /* RecordedAudio.swift in Sources */ = {isa = PBXBuildFile; fileRef = 822F0B081B9D550000F456F1 /* RecordedAudio.swift */; };
/* End PBXBuildFile section */

/* Begin PBXContainerItemProxy section */
		820A2B191B996A5F003D99E9 /* PBXContainerItemProxy */ = {
			isa = PBXContainerItemProxy;
			containerPortal = 820A2AFB1B996A5F003D99E9 /* Project object */;
			proxyType = 1;
			remoteGlobalIDString = 820A2B021B996A5F003D99E9;
			remoteInfo = "Pitch Perfect";
		};
/* End PBXContainerItemProxy section */

/* Begin PBXFileReference section */
		820A2B031B996A5F003D99E9 /* Pitch Perfect.app */ = {isa = PBXFileReference; explicitFileType = wrapper.application; includeInIndex = 0; path = "Pitch Perfect.app"; sourceTree = BUILT_PRODUCTS_DIR; };
		820A2B071B996A5F003D99E9 /* Info.plist */ = {isa = PBXFileReference; lastKnownFileType = text.plist.xml; path = Info.plist; sourceTree = "<group>"; };
		820A2B081B996A5F003D99E9 /* AppDelegate.swift */ = {isa = PBXFileReference; lastKnownFileType = sourcecode.swift; path = AppDelegate.swift; sourceTree = "<group>"; };
		820A2B0A1B996A5F003D99E9 /* RecordSoundsViewController.swift */ = {isa = PBXFileReference; lastKnownFileType = sourcecode.swift; path = RecordSoundsViewController.swift; sourceTree = "<group>"; };
		820A2B0D1B996A5F003D99E9 /* Base */ = {isa = PBXFileReference; lastKnownFileType = file.storyboard; name = Base; path = Base.lproj/Main.storyboard; sourceTree = "<group>"; };
		820A2B0F1B996A5F003D99E9 /* Images.xcassets */ = {isa = PBXFileReference; lastKnownFileType = folder.assetcatalog; path = Images.xcassets; sourceTree = "<group>"; };
		820A2B121B996A5F003D99E9 /* Base */ = {isa = PBXFileReference; lastKnownFileType = file.xib; name = Base; path = Base.lproj/LaunchScreen.xib; sourceTree = "<group>"; };
		820A2B181B996A5F003D99E9 /* Pitch PerfectTests.xctest */ = {isa = PBXFileReference; explicitFileType = wrapper.cfbundle; includeInIndex = 0; path = "Pitch PerfectTests.xctest"; sourceTree = BUILT_PRODUCTS_DIR; };
		820A2B1D1B996A5F003D99E9 /* Info.plist */ = {isa = PBXFileReference; lastKnownFileType = text.plist.xml; path = Info.plist; sourceTree = "<group>"; };
		820A2B1E1B996A5F003D99E9 /* Pitch_PerfectTests.swift */ = {isa = PBXFileReference; lastKnownFileType = sourcecode.swift; path = Pitch_PerfectTests.swift; sourceTree = "<group>"; };
		820A2B2A1B997415003D99E9 /* PlaySoundsViewController.swift */ = {isa = PBXFileReference; fileEncoding = 4; lastKnownFileType = sourcecode.swift; path = PlaySoundsViewController.swift; sourceTree = "<group>"; };
		820A2B2C1B9979A5003D99E9 /* movie_quote.mp3 */ = {isa = PBXFileReference; lastKnownFileType = audio.mp3; path = movie_quote.mp3; sourceTree = "<group>"; };
		822F0B081B9D550000F456F1 /* RecordedAudio.swift */ = {isa = PBXFileReference; fileEncoding = 4; lastKnownFileType = sourcecode.swift; path = RecordedAudio.swift; sourceTree = "<group>"; };
/* End PBXFileReference section */

/* Begin PBXFrameworksBuildPhase section */
		820A2B001B996A5F003D99E9 /* Frameworks */ = {
			isa = PBXFrameworksBuildPhase;
			buildActionMask = 2147483647;
			files = (
			);
			runOnlyForDeploymentPostprocessing = 0;
		};
		820A2B151B996A5F003D99E9 /* Frameworks */ = {
			isa = PBXFrameworksBuildPhase;
			buildActionMask = 2147483647;
			files = (
			);
			runOnlyForDeploymentPostprocessing = 0;
		};
/* End PBXFrameworksBuildPhase section */

/* Begin PBXGroup section */
		820A2AFA1B996A5F003D99E9 = {
			isa = PBXGroup;
			children = (
				820A2B051B996A5F003D99E9 /* Pitch Perfect */,
				820A2B1B1B996A5F003D99E9 /* Pitch PerfectTests */,
				820A2B041B996A5F003D99E9 /* Products */,
			);
			sourceTree = "<group>";
		};
		820A2B041B996A5F003D99E9 /* Products */ = {
			isa = PBXGroup;
			children = (
				820A2B031B996A5F003D99E9 /* Pitch Perfect.app */,
				820A2B181B996A5F003D99E9 /* Pitch PerfectTests.xctest */,
			);
			name = Products;
			sourceTree = "<group>";
		};
		820A2B051B996A5F003D99E9 /* Pitch Perfect */ = {
			isa = PBXGroup;
			children = (
				820A2B2C1B9979A5003D99E9 /* movie_quote.mp3 */,
				820A2B081B996A5F003D99E9 /* AppDelegate.swift */,
				820A2B0A1B996A5F003D99E9 /* RecordSoundsViewController.swift */,
				820A2B0C1B996A5F003D99E9 /* Main.storyboard */,
				822F0B081B9D550000F456F1 /* RecordedAudio.swift */,
				820A2B2A1B997415003D99E9 /* PlaySoundsViewController.swift */,
				820A2B0F1B996A5F003D99E9 /* Images.xcassets */,
				820A2B111B996A5F003D99E9 /* LaunchScreen.xib */,
				820A2B061B996A5F003D99E9 /* Supporting Files */,
			);
			path = "Pitch Perfect";
			sourceTree = "<group>";
		};
		820A2B061B996A5F003D99E9 /* Supporting Files */ = {
			isa = PBXGroup;
			children = (
				820A2B071B996A5F003D99E9 /* Info.plist */,
			);
			name = "Supporting Files";
			sourceTree = "<group>";
		};
		820A2B1B1B996A5F003D99E9 /* Pitch PerfectTests */ = {
			isa = PBXGroup;
			children = (
				820A2B1E1B996A5F003D99E9 /* Pitch_PerfectTests.swift */,
				820A2B1C1B996A5F003D99E9 /* Supporting Files */,
			);
			path = "Pitch PerfectTests";
			sourceTree = "<group>";
		};
		820A2B1C1B996A5F003D99E9 /* Supporting Files */ = {
			isa = PBXGroup;
			children = (
				820A2B1D1B996A5F003D99E9 /* Info.plist */,
			);
			name = "Supporting Files";
			sourceTree = "<group>";
		};
/* End PBXGroup section */

/* Begin PBXNativeTarget section */
		820A2B021B996A5F003D99E9 /* Pitch Perfect */ = {
			isa = PBXNativeTarget;
			buildConfigurationList = 820A2B221B996A5F003D99E9 /* Build configuration list for PBXNativeTarget "Pitch Perfect" */;
			buildPhases = (
				820A2AFF1B996A5F003D99E9 /* Sources */,
				820A2B001B996A5F003D99E9 /* Frameworks */,
				820A2B011B996A5F003D99E9 /* Resources */,
			);
			buildRules = (
			);
			dependencies = (
			);
			name = "Pitch Perfect";
			productName = "Pitch Perfect";
			productReference = 820A2B031B996A5F003D99E9 /* Pitch Perfect.app */;
			productType = "com.apple.product-type.application";
		};
		820A2B171B996A5F003D99E9 /* Pitch PerfectTests */ = {
			isa = PBXNativeTarget;
			buildConfigurationList = 820A2B251B996A5F003D99E9 /* Build configuration list for PBXNativeTarget "Pitch PerfectTests" */;
			buildPhases = (
				820A2B141B996A5F003D99E9 /* Sources */,
				820A2B151B996A5F003D99E9 /* Frameworks */,
				820A2B161B996A5F003D99E9 /* Resources */,
			);
			buildRules = (
			);
			dependencies = (
				820A2B1A1B996A5F003D99E9 /* PBXTargetDependency */,
			);
			name = "Pitch PerfectTests";
			productName = "Pitch PerfectTests";
			productReference = 820A2B181B996A5F003D99E9 /* Pitch PerfectTests.xctest */;
			productType = "com.apple.product-type.bundle.unit-test";
		};
/* End PBXNativeTarget section */

/* Begin PBXProject section */
		820A2AFB1B996A5F003D99E9 /* Project object */ = {
			isa = PBXProject;
			attributes = {
				LastUpgradeCheck = 0640;
				ORGANIZATIONNAME = Avalanche;
				TargetAttributes = {
					820A2B021B996A5F003D99E9 = {
						CreatedOnToolsVersion = 6.4;
						DevelopmentTeam = 23SFSYXLQC;
					};
					820A2B171B996A5F003D99E9 = {
						CreatedOnToolsVersion = 6.4;
						TestTargetID = 820A2B021B996A5F003D99E9;
					};
				};
			};
			buildConfigurationList = 820A2AFE1B996A5F003D99E9 /* Build configuration list for PBXProject "Pitch Perfect" */;
			compatibilityVersion = "Xcode 3.2";
			developmentRegion = English;
			hasScannedForEncodings = 0;
			knownRegions = (
				en,
				Base,
			);
			mainGroup = 820A2AFA1B996A5F003D99E9;
			productRefGroup = 820A2B041B996A5F003D99E9 /* Products */;
			projectDirPath = "";
			projectRoot = "";
			targets = (
				820A2B021B996A5F003D99E9 /* Pitch Perfect */,
				820A2B171B996A5F003D99E9 /* Pitch PerfectTests */,
			);
		};
/* End PBXProject section */

/* Begin PBXResourcesBuildPhase section */
		820A2B011B996A5F003D99E9 /* Resources */ = {
			isa = PBXResourcesBuildPhase;
			buildActionMask = 2147483647;
			files = (
				820A2B0E1B996A5F003D99E9 /* Main.storyboard in Resources */,
				820A2B131B996A5F003D99E9 /* LaunchScreen.xib in Resources */,
				820A2B2D1B9979A5003D99E9 /* movie_quote.mp3 in Resources */,
				820A2B101B996A5F003D99E9 /* Images.xcassets in Resources */,
			);
			runOnlyForDeploymentPostprocessing = 0;
		};
		820A2B161B996A5F003D99E9 /* Resources */ = {
			isa = PBXResourcesBuildPhase;
			buildActionMask = 2147483647;
			files = (
			);
			runOnlyForDeploymentPostprocessing = 0;
		};
/* End PBXResourcesBuildPhase section */

/* Begin PBXSourcesBuildPhase section */
		820A2AFF1B996A5F003D99E9 /* Sources */ = {
			isa = PBXSourcesBuildPhase;
			buildActionMask = 2147483647;
			files = (
				822F0B091B9D550000F456F1 /* RecordedAudio.swift in Sources */,
				820A2B0B1B996A5F003D99E9 /* RecordSoundsViewController.swift in Sources */,
				820A2B2B1B997415003D99E9 /* PlaySoundsViewController.swift in Sources */,
				820A2B091B996A5F003D99E9 /* AppDelegate.swift in Sources */,
			);
			runOnlyForDeploymentPostprocessing = 0;
		};
		820A2B141B996A5F003D99E9 /* Sources */ = {
			isa = PBXSourcesBuildPhase;
			buildActionMask = 2147483647;
			files = (
				820A2B1F1B996A5F003D99E9 /* Pitch_PerfectTests.swift in Sources */,
			);
			runOnlyForDeploymentPostprocessing = 0;
		};
/* End PBXSourcesBuildPhase section */

/* Begin PBXTargetDependency section */
		820A2B1A1B996A5F003D99E9 /* PBXTargetDependency */ = {
			isa = PBXTargetDependency;
			target = 820A2B021B996A5F003D99E9 /* Pitch Perfect */;
			targetProxy = 820A2B191B996A5F003D99E9 /* PBXContainerItemProxy */;
		};
/* End PBXTargetDependency section */

/* Begin PBXVariantGroup section */
		820A2B0C1B996A5F003D99E9 /* Main.storyboard */ = {
			isa = PBXVariantGroup;
			children = (
				820A2B0D1B996A5F003D99E9 /* Base */,
			);
			name = Main.storyboard;
			sourceTree = "<group>";
		};
		820A2B111B996A5F003D99E9 /* LaunchScreen.xib */ = {
			isa = PBXVariantGroup;
			children = (
				820A2B121B996A5F003D99E9 /* Base */,
			);
			name = LaunchScreen.xib;
			sourceTree = "<group>";
		};
/* End PBXVariantGroup section */

/* Begin XCBuildConfiguration section */
		820A2B201B996A5F003D99E9 /* Debug */ = {
			isa = XCBuildConfiguration;
			buildSettings = {
				ALWAYS_SEARCH_USER_PATHS = NO;
				CLANG_CXX_LANGUAGE_STANDARD = "gnu++0x";
				CLANG_CXX_LIBRARY = "libc++";
				CLANG_ENABLE_MODULES = YES;
				CLANG_ENABLE_OBJC_ARC = YES;
				CLANG_WARN_BOOL_CONVERSION = YES;
				CLANG_WARN_CONSTANT_CONVERSION = YES;
				CLANG_WARN_DIRECT_OBJC_ISA_USAGE = YES_ERROR;
				CLANG_WARN_EMPTY_BODY = YES;
				CLANG_WARN_ENUM_CONVERSION = YES;
				CLANG_WARN_INT_CONVERSION = YES;
				CLANG_WARN_OBJC_ROOT_CLASS = YES_ERROR;
				CLANG_WARN_UNREACHABLE_CODE = YES;
				CLANG_WARN__DUPLICATE_METHOD_MATCH = YES;
				"CODE_SIGN_IDENTITY[sdk=iphoneos*]" = "iPhone Developer";
				COPY_PHASE_STRIP = NO;
				DEBUG_INFORMATION_FORMAT = "dwarf-with-dsym";
				ENABLE_STRICT_OBJC_MSGSEND = YES;
				GCC_C_LANGUAGE_STANDARD = gnu99;
				GCC_DYNAMIC_NO_PIC = NO;
				GCC_NO_COMMON_BLOCKS = YES;
				GCC_OPTIMIZATION_LEVEL = 0;
				GCC_PREPROCESSOR_DEFINITIONS = (
					"DEBUG=1",
					"$(inherited)",
				);
				GCC_SYMBOLS_PRIVATE_EXTERN = NO;
				GCC_WARN_64_TO_32_BIT_CONVERSION = YES;
				GCC_WARN_ABOUT_RETURN_TYPE = YES_ERROR;
				GCC_WARN_UNDECLARED_SELECTOR = YES;
				GCC_WARN_UNINITIALIZED_AUTOS = YES_AGGRESSIVE;
				GCC_WARN_UNUSED_FUNCTION = YES;
				GCC_WARN_UNUSED_VARIABLE = YES;
				IPHONEOS_DEPLOYMENT_TARGET = 8.4;
				MTL_ENABLE_DEBUG_INFO = YES;
				ONLY_ACTIVE_ARCH = YES;
				SDKROOT = iphoneos;
				SWIFT_OPTIMIZATION_LEVEL = "-Onone";
				TARGETED_DEVICE_FAMILY = "1,2";
			};
			name = Debug;
		};
		820A2B211B996A5F003D99E9 /* Release */ = {
			isa = XCBuildConfiguration;
			buildSettings = {
				ALWAYS_SEARCH_USER_PATHS = NO;
				CLANG_CXX_LANGUAGE_STANDARD = "gnu++0x";
				CLANG_CXX_LIBRARY = "libc++";
				CLANG_ENABLE_MODULES = YES;
				CLANG_ENABLE_OBJC_ARC = YES;
				CLANG_WARN_BOOL_CONVERSION = YES;
				CLANG_WARN_CONSTANT_CONVERSION = YES;
				CLANG_WARN_DIRECT_OBJC_ISA_USAGE = YES_ERROR;
				CLANG_WARN_EMPTY_BODY = YES;
				CLANG_WARN_ENUM_CONVERSION = YES;
				CLANG_WARN_INT_CONVERSION = YES;
				CLANG_WARN_OBJC_ROOT_CLASS = YES_ERROR;
				CLANG_WARN_UNREACHABLE_CODE = YES;
				CLANG_WARN__DUPLICATE_METHOD_MATCH = YES;
				"CODE_SIGN_IDENTITY[sdk=iphoneos*]" = "iPhone Developer";
				COPY_PHASE_STRIP = NO;
				DEBUG_INFORMATION_FORMAT = "dwarf-with-dsym";
				ENABLE_NS_ASSERTIONS = NO;
				ENABLE_STRICT_OBJC_MSGSEND = YES;
				GCC_C_LANGUAGE_STANDARD = gnu99;
				GCC_NO_COMMON_BLOCKS = YES;
				GCC_WARN_64_TO_32_BIT_CONVERSION = YES;
				GCC_WARN_ABOUT_RETURN_TYPE = YES_ERROR;
				GCC_WARN_UNDECLARED_SELECTOR = YES;
				GCC_WARN_UNINITIALIZED_AUTOS = YES_AGGRESSIVE;
				GCC_WARN_UNUSED_FUNCTION = YES;
				GCC_WARN_UNUSED_VARIABLE = YES;
				IPHONEOS_DEPLOYMENT_TARGET = 8.4;
				MTL_ENABLE_DEBUG_INFO = NO;
				SDKROOT = iphoneos;
				TARGETED_DEVICE_FAMILY = "1,2";
				VALIDATE_PRODUCT = YES;
			};
			name = Release;
		};
		820A2B231B996A5F003D99E9 /* Debug */ = {
			isa = XCBuildConfiguration;
			buildSettings = {
				ASSETCATALOG_COMPILER_APPICON_NAME = AppIcon;
				CODE_SIGN_IDENTITY = "iPhone Developer";
				"CODE_SIGN_IDENTITY[sdk=iphoneos*]" = "iPhone Developer";
				INFOPLIST_FILE = "Pitch Perfect/Info.plist";
				LD_RUNPATH_SEARCH_PATHS = "$(inherited) @executable_path/Frameworks";
				PRODUCT_NAME = "$(TARGET_NAME)";
				PROVISIONING_PROFILE = "";
			};
			name = Debug;
		};
		820A2B241B996A5F003D99E9 /* Release */ = {
			isa = XCBuildConfiguration;
			buildSettings = {
				ASSETCATALOG_COMPILER_APPICON_NAME = AppIcon;
				CODE_SIGN_IDENTITY = "iPhone Developer";
				"CODE_SIGN_IDENTITY[sdk=iphoneos*]" = "iPhone Developer";
				INFOPLIST_FILE = "Pitch Perfect/Info.plist";
				LD_RUNPATH_SEARCH_PATHS = "$(inherited) @executable_path/Frameworks";
				PRODUCT_NAME = "$(TARGET_NAME)";
				PROVISIONING_PROFILE = "";
			};
			name = Release;
		};
		820A2B261B996A5F003D99E9 /* Debug */ = {
			isa = XCBuildConfiguration;
			buildSettings = {
				BUNDLE_LOADER = "$(TEST_HOST)";
				FRAMEWORK_SEARCH_PATHS = (
					"$(SDKROOT)/Developer/Library/Frameworks",
					"$(inherited)",
				);
				GCC_PREPROCESSOR_DEFINITIONS = (
					"DEBUG=1",
					"$(inherited)",
				);
				INFOPLIST_FILE = "Pitch PerfectTests/Info.plist";
				LD_RUNPATH_SEARCH_PATHS = "$(inherited) @executable_path/Frameworks @loader_path/Frameworks";
				PRODUCT_NAME = "$(TARGET_NAME)";
				TEST_HOST = "$(BUILT_PRODUCTS_DIR)/Pitch Perfect.app/Pitch Perfect";
			};
			name = Debug;
		};
		820A2B271B996A5F003D99E9 /* Release */ = {
			isa = XCBuildConfiguration;
			buildSettings = {
				BUNDLE_LOADER = "$(TEST_HOST)";
				FRAMEWORK_SEARCH_PATHS = (
					"$(SDKROOT)/Developer/Library/Frameworks",
					"$(inherited)",
				);
				INFOPLIST_FILE = "Pitch PerfectTests/Info.plist";
				LD_RUNPATH_SEARCH_PATHS = "$(inherited) @executable_path/Frameworks @loader_path/Frameworks";
				PRODUCT_NAME = "$(TARGET_NAME)";
				TEST_HOST = "$(BUILT_PRODUCTS_DIR)/Pitch Perfect.app/Pitch Perfect";
			};
			name = Release;
		};
/* End XCBuildConfiguration section */

/* Begin XCConfigurationList section */
		820A2AFE1B996A5F003D99E9 /* Build configuration list for PBXProject "Pitch Perfect" */ = {
			isa = XCConfigurationList;
			buildConfigurations = (
				820A2B201B996A5F003D99E9 /* Debug */,
				820A2B211B996A5F003D99E9 /* Release */,
			);
			defaultConfigurationIsVisible = 0;
			defaultConfigurationName = Release;
		};
		820A2B221B996A5F003D99E9 /* Build configuration list for PBXNativeTarget "Pitch Perfect" */ = {
			isa = XCConfigurationList;
			buildConfigurations = (
				820A2B231B996A5F003D99E9 /* Debug */,
				820A2B241B996A5F003D99E9 /* Release */,
			);
			defaultConfigurationIsVisible = 0;
			defaultConfigurationName = Release;
		};
		820A2B251B996A5F003D99E9 /* Build configuration list for PBXNativeTarget "Pitch PerfectTests" */ = {
			isa = XCConfigurationList;
			buildConfigurations = (
				820A2B261B996A5F003D99E9 /* Debug */,
				820A2B271B996A5F003D99E9 /* Release */,
			);
			defaultConfigurationIsVisible = 0;
			defaultConfigurationName = Release;
		};
/* End XCConfigurationList section */
	};
	rootObject = 820A2AFB1B996A5F003D99E9 /* Project object */;
}
